
Microsoft Visual Studio Solution File, Format Version 12.00
# Visual Studio Version 17
VisualStudioVersion = 17.13.36105.23
MinimumVisualStudioVersion = 10.0.40219.1
Project("{FAE04EC0-301F-11D3-BF4B-00C04F79EFBC}") = "SemanticKernel.ChatCompletion", "SemanticKernel.ChatCompletion\SemanticKernel.ChatCompletion.csproj", "{D12F3B68-EA5E-4B81-BEBC-0A2D5C2E714E}"
EndProject
Project("{FAE04EC0-301F-11D3-BF4B-00C04F79EFBC}") = "SemanticKernel.StructuredOutput", "SemanticKernel.StructuredOutput\SemanticKernel.StructuredOutput.csproj", "{26FADF68-3A59-4B09-95E9-C5592B4B0BE8}"
EndProject
Project("{FAE04EC0-301F-11D3-BF4B-00C04F79EFBC}") = "SemanticKernel.OpenAI", "SemanticKernel.OpenAI\SemanticKernel.OpenAI.csproj", "{EDB5CF53-DE79-4347-9119-7E4287E7B1C2}"
EndProject
Project("{FAE04EC0-301F-11D3-BF4B-00C04F79EFBC}") = "SemanticKernel.ConversationLoop", "SemanticKernel.ConversationLoop\SemanticKernel.ConversationLoop.csproj", "{E656A7A2-1328-4F1E-8560-CC17D32F2376}"
EndProject
Project("{FAE04EC0-301F-11D3-BF4B-00C04F79EFBC}") = "SemanticKernel.StreamingResponse", "SemanticKernel.StreamingResponse\SemanticKernel.StreamingResponse.csproj", "{A74079BB-5A55-402A-8271-482742A2A405}"
EndProject
Project("{FAE04EC0-301F-11D3-BF4B-00C04F79EFBC}") = "KernelMemory.InMemory", "KernelMemory.InMemory\KernelMemory.InMemory.csproj", "{A7689A47-A2E9-4E45-A69E-06A13511EE3F}"
EndProject
Global
	GlobalSection(SolutionConfigurationPlatforms) = preSolution
		Debug|Any CPU = Debug|Any CPU
		Release|Any CPU = Release|Any CPU
	EndGlobalSection
	GlobalSection(ProjectConfigurationPlatforms) = postSolution
		{D12F3B68-EA5E-4B81-BEBC-0A2D5C2E714E}.Debug|Any CPU.ActiveCfg = Debug|Any CPU
		{D12F3B68-EA5E-4B81-BEBC-0A2D5C2E714E}.Debug|Any CPU.Build.0 = Debug|Any CPU
		{D12F3B68-EA5E-4B81-BEBC-0A2D5C2E714E}.Release|Any CPU.ActiveCfg = Release|Any CPU
		{D12F3B68-EA5E-4B81-BEBC-0A2D5C2E714E}.Release|Any CPU.Build.0 = Release|Any CPU
		{26FADF68-3A59-4B09-95E9-C5592B4B0BE8}.Debug|Any CPU.ActiveCfg = Debug|Any CPU
		{26FADF68-3A59-4B09-95E9-C5592B4B0BE8}.Debug|Any CPU.Build.0 = Debug|Any CPU
		{26FADF68-3A59-4B09-95E9-C5592B4B0BE8}.Release|Any CPU.ActiveCfg = Release|Any CPU
		{26FADF68-3A59-4B09-95E9-C5592B4B0BE8}.Release|Any CPU.Build.0 = Release|Any CPU
		{EDB5CF53-DE79-4347-9119-7E4287E7B1C2}.Debug|Any CPU.ActiveCfg = Debug|Any CPU
		{EDB5CF53-DE79-4347-9119-7E4287E7B1C2}.Debug|Any CPU.Build.0 = Debug|Any CPU
		{EDB5CF53-DE79-4347-9119-7E4287E7B1C2}.Release|Any CPU.ActiveCfg = Release|Any CPU
		{EDB5CF53-DE79-4347-9119-7E4287E7B1C2}.Release|Any CPU.Build.0 = Release|Any CPU
		{E656A7A2-1328-4F1E-8560-CC17D32F2376}.Debug|Any CPU.ActiveCfg = Debug|Any CPU
		{E656A7A2-1328-4F1E-8560-CC17D32F2376}.Debug|Any CPU.Build.0 = Debug|Any CPU
		{E656A7A2-1328-4F1E-8560-CC17D32F2376}.Release|Any CPU.ActiveCfg = Release|Any CPU
		{E656A7A2-1328-4F1E-8560-CC17D32F2376}.Release|Any CPU.Build.0 = Release|Any CPU
		{A74079BB-5A55-402A-8271-482742A2A405}.Debug|Any CPU.ActiveCfg = Debug|Any CPU
		{A74079BB-5A55-402A-8271-482742A2A405}.Debug|Any CPU.Build.0 = Debug|Any CPU
		{A74079BB-5A55-402A-8271-482742A2A405}.Release|Any CPU.ActiveCfg = Release|Any CPU
		{A74079BB-5A55-402A-8271-482742A2A405}.Release|Any CPU.Build.0 = Release|Any CPU
		{A7689A47-A2E9-4E45-A69E-06A13511EE3F}.Debug|Any CPU.ActiveCfg = Debug|Any CPU
		{A7689A47-A2E9-4E45-A69E-06A13511EE3F}.Debug|Any CPU.Build.0 = Debug|Any CPU
		{A7689A47-A2E9-4E45-A69E-06A13511EE3F}.Release|Any CPU.ActiveCfg = Release|Any CPU
		{A7689A47-A2E9-4E45-A69E-06A13511EE3F}.Release|Any CPU.Build.0 = Release|Any CPU
	EndGlobalSection
	GlobalSection(SolutionProperties) = preSolution
		HideSolutionNode = FALSE
	EndGlobalSection
	GlobalSection(ExtensibilityGlobals) = postSolution
		SolutionGuid = {79CDDDE0-C30A-47E4-A3CA-0A812B766CF5}
	EndGlobalSection
EndGlobal
